{
  "lockfile_version": "1",
  "packages": {
    "go-outline": {
      "resolved": "github:NixOS/nixpkgs/f80ac848e3d6f0c12c52758c0f25c10c97ca3b62#go-outline"
    },
    "go_1_19": {
      "resolved": "github:NixOS/nixpkgs/f80ac848e3d6f0c12c52758c0f25c10c97ca3b62#go_1_19"
    },
    "gocode": {
      "resolved": "github:NixOS/nixpkgs/f80ac848e3d6f0c12c52758c0f25c10c97ca3b62#gocode"
    },
    "gocode-gomod": {
      "resolved": "github:NixOS/nixpkgs/f80ac848e3d6f0c12c52758c0f25c10c97ca3b62#gocode-gomod"
    },
    "godef": {
      "resolved": "github:NixOS/nixpkgs/f80ac848e3d6f0c12c52758c0f25c10c97ca3b62#godef"
    },
    "golint": {
      "resolved": "github:NixOS/nixpkgs/f80ac848e3d6f0c12c52758c0f25c10c97ca3b62#golint"
    },
    "gopkgs": {
      "resolved": "github:NixOS/nixpkgs/f80ac848e3d6f0c12c52758c0f25c10c97ca3b62#gopkgs"
    },
    "gopls": {
      "resolved": "github:NixOS/nixpkgs/f80ac848e3d6f0c12c52758c0f25c10c97ca3b62#gopls"
    },
    "gotools": {
      "resolved": "github:NixOS/nixpkgs/f80ac848e3d6f0c12c52758c0f25c10c97ca3b62#gotools"
    }
  }
}